# This file was autogenerated by Stack.
# You should not edit this file by hand.
# For more information, please see the documentation at:
#   https://docs.haskellstack.org/en/stable/lock_files

packages:
- completed:
    hackage: wai-app-static-3.1.7.1@sha256:e3ab7f9a45c0006e1f8cc3698ce77173f998045e2f4e655ba77eb2a8749f10e9,3967
    pantry-tree:
      size: 1343
      sha256: 3ecb128c3a180043b858bc811b9bd812c152537ab886a96a021ccc5c5fb1541b
  original:
    hackage: wai-app-static-3.1.7.1@rev:0
snapshots:
- completed:
    size: 524155
    url: https://raw.githubusercontent.com/commercialhaskell/stackage-snapshots/master/lts/14/19.yaml
    sha256: 9f79f6494473c9b46911364b94c4b5ef19ca8d35ebf62e46697cf651f198ee19
  original: lts-14.19
